// !$*UTF8*$!
{
	archiveVersion = 1;
	classes = {
	};
	objectVersion = 51;
	objects = {

/* Begin PBXBuildFile section */
		63395B5E262B066200220E0C /* BooksTableViewCell.swift in Sources */ = {isa = PBXBuildFile; fileRef = 63395B5D262B066200220E0C /* BooksTableViewCell.swift */; };
		63395B61262B079600220E0C /* Book.swift in Sources */ = {isa = PBXBuildFile; fileRef = 63395B60262B079600220E0C /* Book.swift */; };
		63395B64262B087300220E0C /* User.swift in Sources */ = {isa = PBXBuildFile; fileRef = 63395B63262B087300220E0C /* User.swift */; };
		63395B79262B147600220E0C /* GoogleService-Info.plist in Resources */ = {isa = PBXBuildFile; fileRef = 63395B78262B147600220E0C /* GoogleService-Info.plist */; };
		63395B7C262B1A1C00220E0C /* WebService.swift in Sources */ = {isa = PBXBuildFile; fileRef = 63395B7B262B1A1C00220E0C /* WebService.swift */; };
		63A9443F2629AA8800282DC3 /* AppDelegate.swift in Sources */ = {isa = PBXBuildFile; fileRef = 63A9443E2629AA8800282DC3 /* AppDelegate.swift */; };
		63A944412629AA8800282DC3 /* SceneDelegate.swift in Sources */ = {isa = PBXBuildFile; fileRef = 63A944402629AA8800282DC3 /* SceneDelegate.swift */; };
		63A944432629AA8800282DC3 /* ViewController.swift in Sources */ = {isa = PBXBuildFile; fileRef = 63A944422629AA8800282DC3 /* ViewController.swift */; };
		63A944462629AA8800282DC3 /* Main.storyboard in Resources */ = {isa = PBXBuildFile; fileRef = 63A944442629AA8800282DC3 /* Main.storyboard */; };
		63A944482629AA8C00282DC3 /* Assets.xcassets in Resources */ = {isa = PBXBuildFile; fileRef = 63A944472629AA8C00282DC3 /* Assets.xcassets */; };
		63A9444B2629AA8C00282DC3 /* LaunchScreen.storyboard in Resources */ = {isa = PBXBuildFile; fileRef = 63A944492629AA8C00282DC3 /* LaunchScreen.storyboard */; };
		63A944542629C3E600282DC3 /* SignupViewController.swift in Sources */ = {isa = PBXBuildFile; fileRef = 63A944532629C3E600282DC3 /* SignupViewController.swift */; };
		63A944572629C3F500282DC3 /* YourBooksViewController.swift in Sources */ = {isa = PBXBuildFile; fileRef = 63A944562629C3F500282DC3 /* YourBooksViewController.swift */; };
		63A9445A2629C41300282DC3 /* AddNewBookViewController.swift in Sources */ = {isa = PBXBuildFile; fileRef = 63A944592629C41300282DC3 /* AddNewBookViewController.swift */; };
		63A9445D2629C41E00282DC3 /* BookDetailViewController.swift in Sources */ = {isa = PBXBuildFile; fileRef = 63A9445C2629C41E00282DC3 /* BookDetailViewController.swift */; };
		63A944602629C42800282DC3 /* BookSearchViewController.swift in Sources */ = {isa = PBXBuildFile; fileRef = 63A9445F2629C42800282DC3 /* BookSearchViewController.swift */; };
		94671B6A0430D6D9345D715D /* Pods_ReKindle.framework in Frameworks */ = {isa = PBXBuildFile; fileRef = BC233A5F3D70616C24FC4C24 /* Pods_ReKindle.framework */; };
/* End PBXBuildFile section */

/* Begin PBXFileReference section */
		63395B5D262B066200220E0C /* BooksTableViewCell.swift */ = {isa = PBXFileReference; lastKnownFileType = sourcecode.swift; path = BooksTableViewCell.swift; sourceTree = "<group>"; };
		63395B60262B079600220E0C /* Book.swift */ = {isa = PBXFileReference; lastKnownFileType = sourcecode.swift; path = Book.swift; sourceTree = "<group>"; };
		63395B63262B087300220E0C /* User.swift */ = {isa = PBXFileReference; lastKnownFileType = sourcecode.swift; path = User.swift; sourceTree = "<group>"; };
		63395B78262B147600220E0C /* GoogleService-Info.plist */ = {isa = PBXFileReference; fileEncoding = 4; lastKnownFileType = text.plist.xml; path = "GoogleService-Info.plist"; sourceTree = "<group>"; };
		63395B7B262B1A1C00220E0C /* WebService.swift */ = {isa = PBXFileReference; lastKnownFileType = sourcecode.swift; path = WebService.swift; sourceTree = "<group>"; };
		63A9443B2629AA8800282DC3 /* ReKindle.app */ = {isa = PBXFileReference; explicitFileType = wrapper.application; includeInIndex = 0; path = ReKindle.app; sourceTree = BUILT_PRODUCTS_DIR; };
		63A9443E2629AA8800282DC3 /* AppDelegate.swift */ = {isa = PBXFileReference; lastKnownFileType = sourcecode.swift; path = AppDelegate.swift; sourceTree = "<group>"; };
		63A944402629AA8800282DC3 /* SceneDelegate.swift */ = {isa = PBXFileReference; lastKnownFileType = sourcecode.swift; path = SceneDelegate.swift; sourceTree = "<group>"; };
		63A944422629AA8800282DC3 /* ViewController.swift */ = {isa = PBXFileReference; lastKnownFileType = sourcecode.swift; path = ViewController.swift; sourceTree = "<group>"; };
		63A944452629AA8800282DC3 /* Base */ = {isa = PBXFileReference; lastKnownFileType = file.storyboard; name = Base; path = Base.lproj/Main.storyboard; sourceTree = "<group>"; };
		63A944472629AA8C00282DC3 /* Assets.xcassets */ = {isa = PBXFileReference; lastKnownFileType = folder.assetcatalog; path = Assets.xcassets; sourceTree = "<group>"; };
		63A9444A2629AA8C00282DC3 /* Base */ = {isa = PBXFileReference; lastKnownFileType = file.storyboard; name = Base; path = Base.lproj/LaunchScreen.storyboard; sourceTree = "<group>"; };
		63A9444C2629AA8C00282DC3 /* Info.plist */ = {isa = PBXFileReference; lastKnownFileType = text.plist.xml; path = Info.plist; sourceTree = "<group>"; };
		63A944532629C3E600282DC3 /* SignupViewController.swift */ = {isa = PBXFileReference; lastKnownFileType = sourcecode.swift; path = SignupViewController.swift; sourceTree = "<group>"; };
		63A944562629C3F500282DC3 /* YourBooksViewController.swift */ = {isa = PBXFileReference; lastKnownFileType = sourcecode.swift; path = YourBooksViewController.swift; sourceTree = "<group>"; };
		63A944592629C41300282DC3 /* AddNewBookViewController.swift */ = {isa = PBXFileReference; lastKnownFileType = sourcecode.swift; path = AddNewBookViewController.swift; sourceTree = "<group>"; };
		63A9445C2629C41E00282DC3 /* BookDetailViewController.swift */ = {isa = PBXFileReference; lastKnownFileType = sourcecode.swift; path = BookDetailViewController.swift; sourceTree = "<group>"; };
		63A9445F2629C42800282DC3 /* BookSearchViewController.swift */ = {isa = PBXFileReference; lastKnownFileType = sourcecode.swift; path = BookSearchViewController.swift; sourceTree = "<group>"; };
		9166BE4E430F18DADA858DA7 /* Pods-ReKindle.debug.xcconfig */ = {isa = PBXFileReference; includeInIndex = 1; lastKnownFileType = text.xcconfig; name = "Pods-ReKindle.debug.xcconfig"; path = "Target Support Files/Pods-ReKindle/Pods-ReKindle.debug.xcconfig"; sourceTree = "<group>"; };
		BC233A5F3D70616C24FC4C24 /* Pods_ReKindle.framework */ = {isa = PBXFileReference; explicitFileType = wrapper.framework; includeInIndex = 0; path = Pods_ReKindle.framework; sourceTree = BUILT_PRODUCTS_DIR; };
		EA440EEA62B308244652EF2D /* Pods-ReKindle.release.xcconfig */ = {isa = PBXFileReference; includeInIndex = 1; lastKnownFileType = text.xcconfig; name = "Pods-ReKindle.release.xcconfig"; path = "Target Support Files/Pods-ReKindle/Pods-ReKindle.release.xcconfig"; sourceTree = "<group>"; };
/* End PBXFileReference section */

/* Begin PBXFrameworksBuildPhase section */
		63A944382629AA8800282DC3 /* Frameworks */ = {
			isa = PBXFrameworksBuildPhase;
			buildActionMask = 2147483647;
			files = (
				94671B6A0430D6D9345D715D /* Pods_ReKindle.framework in Frameworks */,
			);
			runOnlyForDeploymentPostprocessing = 0;
		};
/* End PBXFrameworksBuildPhase section */

/* Begin PBXGroup section */
		63A944322629AA8800282DC3 = {
			isa = PBXGroup;
			children = (
				63A9443D2629AA8800282DC3 /* ReKindle */,
				63A9443C2629AA8800282DC3 /* Products */,
				CDF5431FDAD12F6D33B2870B /* Pods */,
				BEA8FDB0A0D5A82E32E27E87 /* Frameworks */,
			);
			sourceTree = "<group>";
		};
		63A9443C2629AA8800282DC3 /* Products */ = {
			isa = PBXGroup;
			children = (
				63A9443B2629AA8800282DC3 /* ReKindle.app */,
			);
			name = Products;
			sourceTree = "<group>";
		};
		63A9443D2629AA8800282DC3 /* ReKindle */ = {
			isa = PBXGroup;
			children = (
				63A9443E2629AA8800282DC3 /* AppDelegate.swift */,
				63A944402629AA8800282DC3 /* SceneDelegate.swift */,
				63A944422629AA8800282DC3 /* ViewController.swift */,
				63A944532629C3E600282DC3 /* SignupViewController.swift */,
				63A944562629C3F500282DC3 /* YourBooksViewController.swift */,
				63395B5D262B066200220E0C /* BooksTableViewCell.swift */,
				63395B60262B079600220E0C /* Book.swift */,
				63395B7B262B1A1C00220E0C /* WebService.swift */,
				63395B63262B087300220E0C /* User.swift */,
				63A944442629AA8800282DC3 /* Main.storyboard */,
				63A944592629C41300282DC3 /* AddNewBookViewController.swift */,
				63A9445C2629C41E00282DC3 /* BookDetailViewController.swift */,
				63A9445F2629C42800282DC3 /* BookSearchViewController.swift */,
				63A944472629AA8C00282DC3 /* Assets.xcassets */,
				63A944492629AA8C00282DC3 /* LaunchScreen.storyboard */,
				63395B78262B147600220E0C /* GoogleService-Info.plist */,
				63A9444C2629AA8C00282DC3 /* Info.plist */,
			);
			path = ReKindle;
			sourceTree = "<group>";
		};
		BEA8FDB0A0D5A82E32E27E87 /* Frameworks */ = {
			isa = PBXGroup;
			children = (
				BC233A5F3D70616C24FC4C24 /* Pods_ReKindle.framework */,
			);
			name = Frameworks;
			sourceTree = "<group>";
		};
		CDF5431FDAD12F6D33B2870B /* Pods */ = {
			isa = PBXGroup;
			children = (
				9166BE4E430F18DADA858DA7 /* Pods-ReKindle.debug.xcconfig */,
				EA440EEA62B308244652EF2D /* Pods-ReKindle.release.xcconfig */,
			);
			path = Pods;
			sourceTree = "<group>";
		};
/* End PBXGroup section */

/* Begin PBXNativeTarget section */
		63A9443A2629AA8800282DC3 /* ReKindle */ = {
			isa = PBXNativeTarget;
			buildConfigurationList = 63A9444F2629AA8C00282DC3 /* Build configuration list for PBXNativeTarget "ReKindle" */;
			buildPhases = (
				1F41C21B7DC9F2E0BF5C9ABF /* [CP] Check Pods Manifest.lock */,
				63A944372629AA8800282DC3 /* Sources */,
				63A944382629AA8800282DC3 /* Frameworks */,
				63A944392629AA8800282DC3 /* Resources */,
				7B0DB515DC359CB3C5B5BE70 /* [CP] Embed Pods Frameworks */,
			);
			buildRules = (
			);
			dependencies = (
			);
			name = ReKindle;
			productName = ReKindle;
			productReference = 63A9443B2629AA8800282DC3 /* ReKindle.app */;
			productType = "com.apple.product-type.application";
		};
/* End PBXNativeTarget section */

/* Begin PBXProject section */
		63A944332629AA8800282DC3 /* Project object */ = {
			isa = PBXProject;
			attributes = {
				LastSwiftUpdateCheck = 1220;
				LastUpgradeCheck = 1220;
				TargetAttributes = {
					63A9443A2629AA8800282DC3 = {
						CreatedOnToolsVersion = 12.2;
					};
				};
			};
			buildConfigurationList = 63A944362629AA8800282DC3 /* Build configuration list for PBXProject "ReKindle" */;
			compatibilityVersion = "Xcode 9.3";
			developmentRegion = en;
			hasScannedForEncodings = 0;
			knownRegions = (
				en,
				Base,
			);
			mainGroup = 63A944322629AA8800282DC3;
			productRefGroup = 63A9443C2629AA8800282DC3 /* Products */;
			projectDirPath = "";
			projectRoot = "";
			targets = (
				63A9443A2629AA8800282DC3 /* ReKindle */,
			);
		};
/* End PBXProject section */

/* Begin PBXResourcesBuildPhase section */
		63A944392629AA8800282DC3 /* Resources */ = {
			isa = PBXResourcesBuildPhase;
			buildActionMask = 2147483647;
			files = (
				63A9444B2629AA8C00282DC3 /* LaunchScreen.storyboard in Resources */,
				63395B79262B147600220E0C /* GoogleService-Info.plist in Resources */,
				63A944482629AA8C00282DC3 /* Assets.xcassets in Resources */,
				63A944462629AA8800282DC3 /* Main.storyboard in Resources */,
			);
			runOnlyForDeploymentPostprocessing = 0;
		};
/* End PBXResourcesBuildPhase section */

/* Begin PBXShellScriptBuildPhase section */
		1F41C21B7DC9F2E0BF5C9ABF /* [CP] Check Pods Manifest.lock */ = {
			isa = PBXShellScriptBuildPhase;
			buildActionMask = 2147483647;
			files = (
			);
			inputFileListPaths = (
			);
			inputPaths = (
				"${PODS_PODFILE_DIR_PATH}/Podfile.lock",
				"${PODS_ROOT}/Manifest.lock",
			);
			name = "[CP] Check Pods Manifest.lock";
			outputFileListPaths = (
			);
			outputPaths = (
				"$(DERIVED_FILE_DIR)/Pods-ReKindle-checkManifestLockResult.txt",
			);
			runOnlyForDeploymentPostprocessing = 0;
			shellPath = /bin/sh;
			shellScript = "diff \"${PODS_PODFILE_DIR_PATH}/Podfile.lock\" \"${PODS_ROOT}/Manifest.lock\" > /dev/null\nif [ $? != 0 ] ; then\n    # print error to STDERR\n    echo \"error: The sandbox is not in sync with the Podfile.lock. Run 'pod install' or update your CocoaPods installation.\" >&2\n    exit 1\nfi\n# This output is used by Xcode 'outputs' to avoid re-running this script phase.\necho \"SUCCESS\" > \"${SCRIPT_OUTPUT_FILE_0}\"\n";
			showEnvVarsInLog = 0;
		};
		7B0DB515DC359CB3C5B5BE70 /* [CP] Embed Pods Frameworks */ = {
			isa = PBXShellScriptBuildPhase;
			buildActionMask = 2147483647;
			files = (
			);
			inputFileListPaths = (
				"${PODS_ROOT}/Target Support Files/Pods-ReKindle/Pods-ReKindle-frameworks-${CONFIGURATION}-input-files.xcfilelist",
			);
			name = "[CP] Embed Pods Frameworks";
			outputFileListPaths = (
				"${PODS_ROOT}/Target Support Files/Pods-ReKindle/Pods-ReKindle-frameworks-${CONFIGURATION}-output-files.xcfilelist",
			);
			runOnlyForDeploymentPostprocessing = 0;
			shellPath = /bin/sh;
			shellScript = "\"${PODS_ROOT}/Target Support Files/Pods-ReKindle/Pods-ReKindle-frameworks.sh\"\n";
			showEnvVarsInLog = 0;
		};
/* End PBXShellScriptBuildPhase section */

/* Begin PBXSourcesBuildPhase section */
		63A944372629AA8800282DC3 /* Sources */ = {
			isa = PBXSourcesBuildPhase;
			buildActionMask = 2147483647;
			files = (
				63A944572629C3F500282DC3 /* YourBooksViewController.swift in Sources */,
				63A944602629C42800282DC3 /* BookSearchViewController.swift in Sources */,
				63A944432629AA8800282DC3 /* ViewController.swift in Sources */,
				63395B5E262B066200220E0C /* BooksTableViewCell.swift in Sources */,
				63A9445A2629C41300282DC3 /* AddNewBookViewController.swift in Sources */,
				63A9443F2629AA8800282DC3 /* AppDelegate.swift in Sources */,
				63395B7C262B1A1C00220E0C /* WebService.swift in Sources */,
				63A9445D2629C41E00282DC3 /* BookDetailViewController.swift in Sources */,
				63A944542629C3E600282DC3 /* SignupViewController.swift in Sources */,
				63395B61262B079600220E0C /* Book.swift in Sources */,
				63A944412629AA8800282DC3 /* SceneDelegate.swift in Sources */,
				63395B64262B087300220E0C /* User.swift in Sources */,
			);
			runOnlyForDeploymentPostprocessing = 0;
		};
/* End PBXSourcesBuildPhase section */

/* Begin PBXVariantGroup section */
		63A944442629AA8800282DC3 /* Main.storyboard */ = {
			isa = PBXVariantGroup;
			children = (
				63A944452629AA8800282DC3 /* Base */,
			);
			name = Main.storyboard;
			sourceTree = "<group>";
		};
		63A944492629AA8C00282DC3 /* LaunchScreen.storyboard */ = {
			isa = PBXVariantGroup;
			children = (
				63A9444A2629AA8C00282DC3 /* Base */,
			);
			name = LaunchScreen.storyboard;
			sourceTree = "<group>";
		};
/* End PBXVariantGroup section */

/* Begin XCBuildConfiguration section */
		63A9444D2629AA8C00282DC3 /* Debug */ = {
			isa = XCBuildConfiguration;
			buildSettings = {
				ALWAYS_SEARCH_USER_PATHS = NO;
				CLANG_ANALYZER_NONNULL = YES;
				CLANG_ANALYZER_NUMBER_OBJECT_CONVERSION = YES_AGGRESSIVE;
				CLANG_CXX_LANGUAGE_STANDARD = "gnu++14";
				CLANG_CXX_LIBRARY = "libc++";
				CLANG_ENABLE_MODULES = YES;
				CLANG_ENABLE_OBJC_ARC = YES;
				CLANG_ENABLE_OBJC_WEAK = YES;
				CLANG_WARN_BLOCK_CAPTURE_AUTORELEASING = YES;
				CLANG_WARN_BOOL_CONVERSION = YES;
				CLANG_WARN_COMMA = YES;
				CLANG_WARN_CONSTANT_CONVERSION = YES;
				CLANG_WARN_DEPRECATED_OBJC_IMPLEMENTATIONS = YES;
				CLANG_WARN_DIRECT_OBJC_ISA_USAGE = YES_ERROR;
				CLANG_WARN_DOCUMENTATION_COMMENTS = YES;
				CLANG_WARN_EMPTY_BODY = YES;
				CLANG_WARN_ENUM_CONVERSION = YES;
				CLANG_WARN_INFINITE_RECURSION = YES;
				CLANG_WARN_INT_CONVERSION = YES;
				CLANG_WARN_NON_LITERAL_NULL_CONVERSION = YES;
				CLANG_WARN_OBJC_IMPLICIT_RETAIN_SELF = YES;
				CLANG_WARN_OBJC_LITERAL_CONVERSION = YES;
				CLANG_WARN_OBJC_ROOT_CLASS = YES_ERROR;
				CLANG_WARN_QUOTED_INCLUDE_IN_FRAMEWORK_HEADER = YES;
				CLANG_WARN_RANGE_LOOP_ANALYSIS = YES;
				CLANG_WARN_STRICT_PROTOTYPES = YES;
				CLANG_WARN_SUSPICIOUS_MOVE = YES;
				CLANG_WARN_UNGUARDED_AVAILABILITY = YES_AGGRESSIVE;
				CLANG_WARN_UNREACHABLE_CODE = YES;
				CLANG_WARN__DUPLICATE_METHOD_MATCH = YES;
				COPY_PHASE_STRIP = NO;
				DEBUG_INFORMATION_FORMAT = dwarf;
				ENABLE_STRICT_OBJC_MSGSEND = YES;
				ENABLE_TESTABILITY = YES;
				GCC_C_LANGUAGE_STANDARD = gnu11;
				GCC_DYNAMIC_NO_PIC = NO;
				GCC_NO_COMMON_BLOCKS = YES;
				GCC_OPTIMIZATION_LEVEL = 0;
				GCC_PREPROCESSOR_DEFINITIONS = (
					"DEBUG=1",
					"$(inherited)",
				);
				GCC_WARN_64_TO_32_BIT_CONVERSION = YES;
				GCC_WARN_ABOUT_RETURN_TYPE = YES_ERROR;
				GCC_WARN_UNDECLARED_SELECTOR = YES;
				GCC_WARN_UNINITIALIZED_AUTOS = YES_AGGRESSIVE;
				GCC_WARN_UNUSED_FUNCTION = YES;
				GCC_WARN_UNUSED_VARIABLE = YES;
				IPHONEOS_DEPLOYMENT_TARGET = 14.2;
				MTL_ENABLE_DEBUG_INFO = INCLUDE_SOURCE;
				MTL_FAST_MATH = YES;
				ONLY_ACTIVE_ARCH = YES;
				SDKROOT = iphoneos;
				SWIFT_ACTIVE_COMPILATION_CONDITIONS = DEBUG;
				SWIFT_OPTIMIZATION_LEVEL = "-Onone";
			};
			name = Debug;
		};
		63A9444E2629AA8C00282DC3 /* Release */ = {
			isa = XCBuildConfiguration;
			buildSettings = {
				ALWAYS_SEARCH_USER_PATHS = NO;
				CLANG_ANALYZER_NONNULL = YES;
				CLANG_ANALYZER_NUMBER_OBJECT_CONVERSION = YES_AGGRESSIVE;
				CLANG_CXX_LANGUAGE_STANDARD = "gnu++14";
				CLANG_CXX_LIBRARY = "libc++";
				CLANG_ENABLE_MODULES = YES;
				CLANG_ENABLE_OBJC_ARC = YES;
				CLANG_ENABLE_OBJC_WEAK = YES;
				CLANG_WARN_BLOCK_CAPTURE_AUTORELEASING = YES;
				CLANG_WARN_BOOL_CONVERSION = YES;
				CLANG_WARN_COMMA = YES;
				CLANG_WARN_CONSTANT_CONVERSION = YES;
				CLANG_WARN_DEPRECATED_OBJC_IMPLEMENTATIONS = YES;
				CLANG_WARN_DIRECT_OBJC_ISA_USAGE = YES_ERROR;
				CLANG_WARN_DOCUMENTATION_COMMENTS = YES;
				CLANG_WARN_EMPTY_BODY = YES;
				CLANG_WARN_ENUM_CONVERSION = YES;
				CLANG_WARN_INFINITE_RECURSION = YES;
				CLANG_WARN_INT_CONVERSION = YES;
				CLANG_WARN_NON_LITERAL_NULL_CONVERSION = YES;
				CLANG_WARN_OBJC_IMPLICIT_RETAIN_SELF = YES;
				CLANG_WARN_OBJC_LITERAL_CONVERSION = YES;
				CLANG_WARN_OBJC_ROOT_CLASS = YES_ERROR;
				CLANG_WARN_QUOTED_INCLUDE_IN_FRAMEWORK_HEADER = YES;
				CLANG_WARN_RANGE_LOOP_ANALYSIS = YES;
				CLANG_WARN_STRICT_PROTOTYPES = YES;
				CLANG_WARN_SUSPICIOUS_MOVE = YES;
				CLANG_WARN_UNGUARDED_AVAILABILITY = YES_AGGRESSIVE;
				CLANG_WARN_UNREACHABLE_CODE = YES;
				CLANG_WARN__DUPLICATE_METHOD_MATCH = YES;
				COPY_PHASE_STRIP = NO;
				DEBUG_INFORMATION_FORMAT = "dwarf-with-dsym";
				ENABLE_NS_ASSERTIONS = NO;
				ENABLE_STRICT_OBJC_MSGSEND = YES;
				GCC_C_LANGUAGE_STANDARD = gnu11;
				GCC_NO_COMMON_BLOCKS = YES;
				GCC_WARN_64_TO_32_BIT_CONVERSION = YES;
				GCC_WARN_ABOUT_RETURN_TYPE = YES_ERROR;
				GCC_WARN_UNDECLARED_SELECTOR = YES;
				GCC_WARN_UNINITIALIZED_AUTOS = YES_AGGRESSIVE;
				GCC_WARN_UNUSED_FUNCTION = YES;
				GCC_WARN_UNUSED_VARIABLE = YES;
				IPHONEOS_DEPLOYMENT_TARGET = 14.2;
				MTL_ENABLE_DEBUG_INFO = NO;
				MTL_FAST_MATH = YES;
				SDKROOT = iphoneos;
				SWIFT_COMPILATION_MODE = wholemodule;
				SWIFT_OPTIMIZATION_LEVEL = "-O";
				VALIDATE_PRODUCT = YES;
			};
			name = Release;
		};
		63A944502629AA8C00282DC3 /* Debug */ = {
			isa = XCBuildConfiguration;
			baseConfigurationReference = 9166BE4E430F18DADA858DA7 /* Pods-ReKindle.debug.xcconfig */;
			buildSettings = {
				ASSETCATALOG_COMPILER_APPICON_NAME = AppIcon;
				ASSETCATALOG_COMPILER_GLOBAL_ACCENT_COLOR_NAME = AccentColor;
				CODE_SIGN_STYLE = Automatic;
				DEVELOPMENT_TEAM = J5VXE76EPL;
				INFOPLIST_FILE = ReKindle/Info.plist;
				LD_RUNPATH_SEARCH_PATHS = (
					"$(inherited)",
					"@executable_path/Frameworks",
				);
				PRODUCT_BUNDLE_IDENTIFIER = com.personal.ReKindle;
				PRODUCT_NAME = "$(TARGET_NAME)";
				SWIFT_VERSION = 5.0;
				TARGETED_DEVICE_FAMILY = "1,2";
			};
			name = Debug;
		};
		63A944512629AA8C00282DC3 /* Release */ = {
			isa = XCBuildConfiguration;
			baseConfigurationReference = EA440EEA62B308244652EF2D /* Pods-ReKindle.release.xcconfig */;
			buildSettings = {
				ASSETCATALOG_COMPILER_APPICON_NAME = AppIcon;
				ASSETCATALOG_COMPILER_GLOBAL_ACCENT_COLOR_NAME = AccentColor;
				CODE_SIGN_STYLE = Automatic;
				DEVELOPMENT_TEAM = J5VXE76EPL;
				INFOPLIST_FILE = ReKindle/Info.plist;
				LD_RUNPATH_SEARCH_PATHS = (
					"$(inherited)",
					"@executable_path/Frameworks",
				);
				PRODUCT_BUNDLE_IDENTIFIER = com.personal.ReKindle;
				PRODUCT_NAME = "$(TARGET_NAME)";
				SWIFT_VERSION = 5.0;
				TARGETED_DEVICE_FAMILY = "1,2";
			};
			name = Release;
		};
/* End XCBuildConfiguration section */

/* Begin XCConfigurationList section */
		63A944362629AA8800282DC3 /* Build configuration list for PBXProject "ReKindle" */ = {
			isa = XCConfigurationList;
			buildConfigurations = (
				63A9444D2629AA8C00282DC3 /* Debug */,
				63A9444E2629AA8C00282DC3 /* Release */,
			);
			defaultConfigurationIsVisible = 0;
			defaultConfigurationName = Release;
		};
		63A9444F2629AA8C00282DC3 /* Build configuration list for PBXNativeTarget "ReKindle" */ = {
			isa = XCConfigurationList;
			buildConfigurations = (
				63A944502629AA8C00282DC3 /* Debug */,
				63A944512629AA8C00282DC3 /* Release */,
			);
			defaultConfigurationIsVisible = 0;
			defaultConfigurationName = Release;
		};
/* End XCConfigurationList section */
	};
	rootObject = 63A944332629AA8800282DC3 /* Project object */;
}
